{
  "nodes": {
    "flake-compat": {
      "locked": {
        "lastModified": 1746162366,
        "narHash": "sha256-5SSSZ/oQkwfcAz/o/6TlejlVGqeK08wyREBQ5qFFPhM=",
        "owner": "nix-community",
        "repo": "flake-compat",
        "rev": "0f158086a2ecdbb138cd0429410e44994f1b7e4b",
        "type": "github"
      },
      "original": {
        "owner": "nix-community",
        "repo": "flake-compat",
        "type": "github"
      }
    },
    "home-manager": {
      "inputs": {
        "nixpkgs": [
          "nixpkgs"
        ]
      },
      "locked": {
        "lastModified": 1762435363,
        "narHash": "sha256-BTmHXtuuwVO1dRs6jPHcHCoO6+A7G3+GzrgeluiSkww=",
        "owner": "nix-community",
        "repo": "home-manager",
        "rev": "432bc8a5da66638b5f139588efd6c4bd327e4cdc",
        "type": "github"
      },
      "original": {
        "owner": "nix-community",
        "repo": "home-manager",
        "type": "github"
      }
    },
    "nix-darwin": {
      "inputs": {
        "nixpkgs": [
          "nixpkgs"
        ]
      },
      "locked": {
        "lastModified": 1762304480,
        "narHash": "sha256-ikVIPB/ea/BAODk6aksgkup9k2jQdrwr4+ZRXtBgmSs=",
        "owner": "LnL7",
        "repo": "nix-darwin",
        "rev": "b8c7ac030211f18bd1f41eae0b815571853db7a2",
        "type": "github"
      },
      "original": {
        "owner": "LnL7",
        "repo": "nix-darwin",
        "type": "github"
      }
    },
    "nix-index-database": {
      "inputs": {
        "nixpkgs": [
          "nixpkgs"
        ]
      },
      "locked": {
        "lastModified": 1762055842,
        "narHash": "sha256-Pu1v3mlFhRzZiSxVHb2/i/f5yeYyRNqr0RvEUJ4UgHo=",
        "owner": "nix-community",
        "repo": "nix-index-database",
        "rev": "359ff6333a7b0b60819d4c20ed05a3a1f726771f",
        "type": "github"
      },
      "original": {
        "owner": "nix-community",
        "repo": "nix-index-database",
        "type": "github"
      }
    },
    "nixos-apple-silicon": {
      "inputs": {
        "flake-compat": "flake-compat",
        "nixpkgs": [
          "nixpkgs"
        ]
      },
      "locked": {
        "lastModified": 1762421567,
        "narHash": "sha256-i5GIUYgnlNozrsxDKZtRiCyJGbbAI6Queiu3OGcuf4Y=",
        "owner": "nix-community",
        "repo": "nixos-apple-silicon",
        "rev": "43db10b6bdc6f80097ddc3acf833ec828af50d40",
        "type": "github"
      },
      "original": {
        "owner": "nix-community",
        "repo": "nixos-apple-silicon",
        "type": "github"
      }
    },
    "nixpkgs": {
      "locked": {
        "lastModified": 1762111121,
        "narHash": "sha256-4vhDuZ7OZaZmKKrnDpxLZZpGIJvAeMtK6FKLJYUtAdw=",
        "owner": "NixOS",
        "repo": "nixpkgs",
        "rev": "b3d51a0365f6695e7dd5cdf3e180604530ed33b4",
        "type": "github"
      },
      "original": {
        "owner": "NixOS",
        "ref": "nixos-unstable",
        "repo": "nixpkgs",
        "type": "github"
      }
    },
    "nvim-treesitter": {
      "flake": false,
      "locked": {
        "lastModified": 1761832759,
        "narHash": "sha256-yER4ODJGWywRpW5jVvbPik1EONRf3p6/VomQjCR3BFk=",
        "owner": "nvim-treesitter",
        "repo": "nvim-treesitter",
        "rev": "64f4755b9d6ea9008265b09eb79fd91727311682",
        "type": "github"
      },
      "original": {
        "owner": "nvim-treesitter",
        "ref": "main",
        "repo": "nvim-treesitter",
        "type": "github"
      }
    },
    "nvim-treesitter-main": {
      "inputs": {
        "nixpkgs": [
          "nixpkgs"
        ],
        "nvim-treesitter": "nvim-treesitter",
        "nvim-treesitter-textobjects": "nvim-treesitter-textobjects"
      },
      "locked": {
        "lastModified": 1762067596,
        "narHash": "sha256-k6fFEAWox/Dztg61VTZTFA2LVUkqIbLZ4x5OO9jzqTw=",
        "owner": "iofq",
        "repo": "nvim-treesitter-main",
        "rev": "0c5935fe575c40f5c7030e20da5e45f4c5968a8c",
        "type": "github"
      },
      "original": {
        "owner": "iofq",
        "repo": "nvim-treesitter-main",
        "type": "github"
      }
    },
    "nvim-treesitter-textobjects": {
      "flake": false,
      "locked": {
        "lastModified": 1761958090,
        "narHash": "sha256-nMWdgymdnnuTm1JXJ8G81UVkrzZ7riLEEHn5XlWgDug=",
        "owner": "nvim-treesitter",
        "repo": "nvim-treesitter-textobjects",
        "rev": "1f29f2f788dbbf6573a0d968a6dfe75a0fa628d0",
        "type": "github"
      },
      "original": {
        "owner": "nvim-treesitter",
        "ref": "main",
        "repo": "nvim-treesitter-textobjects",
        "type": "github"
      }
    },
    "root": {
      "inputs": {
        "home-manager": "home-manager",
        "nix-darwin": "nix-darwin",
        "nix-index-database": "nix-index-database",
        "nixos-apple-silicon": "nixos-apple-silicon",
        "nixpkgs": "nixpkgs",
        "nvim-treesitter-main": "nvim-treesitter-main"
      }
    }
  },
  "root": "root",
  "version": 7
}
