{
  "nodes": {
    "flake-compat": {
      "locked": {
        "lastModified": 1761640442,
        "narHash": "sha256-AtrEP6Jmdvrqiv4x2xa5mrtaIp3OEe8uBYCDZDS+hu8=",
        "owner": "nix-community",
        "repo": "flake-compat",
        "rev": "4a56054d8ffc173222d09dad23adf4ba946c8884",
        "type": "github"
      },
      "original": {
        "owner": "nix-community",
        "repo": "flake-compat",
        "type": "github"
      }
    },
    "home-manager": {
      "inputs": {
        "nixpkgs": [
          "nixpkgs"
        ]
      },
      "locked": {
        "lastModified": 1772060133,
        "narHash": "sha256-VuyRptb8v1lVGMlLp4/1vRX3Efwec0CN0S6mKmDPzLg=",
        "owner": "nix-community",
        "repo": "home-manager",
        "rev": "ce9b6e52500a0ea0ec48f0bbf6d7a3e431d9dfa4",
        "type": "github"
      },
      "original": {
        "owner": "nix-community",
        "repo": "home-manager",
        "type": "github"
      }
    },
    "nix-darwin": {
      "inputs": {
        "nixpkgs": [
          "nixpkgs"
        ]
      },
      "locked": {
        "lastModified": 1771992996,
        "narHash": "sha256-Y/ijH/unOPxzUicbla6yT/14RJgubUWnY2I2A6Ast2Q=",
        "owner": "LnL7",
        "repo": "nix-darwin",
        "rev": "3bfa436c1975674ca465ce34586467be301ff509",
        "type": "github"
      },
      "original": {
        "owner": "LnL7",
        "repo": "nix-darwin",
        "type": "github"
      }
    },
    "nix-index-database": {
      "inputs": {
        "nixpkgs": [
          "nixpkgs"
        ]
      },
      "locked": {
        "lastModified": 1771734689,
        "narHash": "sha256-/phvMgr1yutyAMjKnZlxkVplzxHiz60i4rc+gKzpwhg=",
        "owner": "nix-community",
        "repo": "nix-index-database",
        "rev": "8f590b832326ab9699444f3a48240595954a4b10",
        "type": "github"
      },
      "original": {
        "owner": "nix-community",
        "repo": "nix-index-database",
        "type": "github"
      }
    },
    "nixos-apple-silicon": {
      "inputs": {
        "flake-compat": "flake-compat",
        "nixpkgs": [
          "nixpkgs"
        ]
      },
      "locked": {
        "lastModified": 1771511514,
        "narHash": "sha256-qhtonMK07BCVC/wZ+pZ9/MKhcTric7YUaCpW6pOg8IM=",
        "owner": "nix-community",
        "repo": "nixos-apple-silicon",
        "rev": "2b92d495204be0b10845c66361444dbc8441c68d",
        "type": "github"
      },
      "original": {
        "owner": "nix-community",
        "repo": "nixos-apple-silicon",
        "type": "github"
      }
    },
    "nixpkgs": {
      "locked": {
        "lastModified": 1771848320,
        "narHash": "sha256-0MAd+0mun3K/Ns8JATeHT1sX28faLII5hVLq0L3BdZU=",
        "owner": "NixOS",
        "repo": "nixpkgs",
        "rev": "2fc6539b481e1d2569f25f8799236694180c0993",
        "type": "github"
      },
      "original": {
        "owner": "NixOS",
        "ref": "nixos-unstable",
        "repo": "nixpkgs",
        "type": "github"
      }
    },
    "nvim-treesitter": {
      "flake": false,
      "locked": {
        "lastModified": 1771657810,
        "narHash": "sha256-Ipmzk/e7ubXFI1lBBJl6hU7scZ/w9BKc5JrgePSUl8U=",
        "owner": "nvim-treesitter",
        "repo": "nvim-treesitter",
        "rev": "dc42c209f3820bdfaae0956f15de29689aa6b451",
        "type": "github"
      },
      "original": {
        "owner": "nvim-treesitter",
        "ref": "main",
        "repo": "nvim-treesitter",
        "type": "github"
      }
    },
    "nvim-treesitter-main": {
      "inputs": {
        "nixpkgs": [
          "nixpkgs"
        ],
        "nvim-treesitter": "nvim-treesitter",
        "nvim-treesitter-textobjects": "nvim-treesitter-textobjects"
      },
      "locked": {
        "lastModified": 1771786186,
        "narHash": "sha256-lHQSOhmpWSLTrzN5dWrh6siSlAidOhvYvRo9nUUIc7w=",
        "owner": "iofq",
        "repo": "nvim-treesitter-main",
        "rev": "2cbcb8241c01b2dfd95e7e597a9ba23a42856cb9",
        "type": "github"
      },
      "original": {
        "owner": "iofq",
        "repo": "nvim-treesitter-main",
        "type": "github"
      }
    },
    "nvim-treesitter-textobjects": {
      "flake": false,
      "locked": {
        "lastModified": 1769600306,
        "narHash": "sha256-J3D+nbalJqZ4aeFBD7veW6TuI0BEU2jbx5pMEew4dkA=",
        "owner": "nvim-treesitter",
        "repo": "nvim-treesitter-textobjects",
        "rev": "a0e182ae21fda68c59d1f36c9ed45600aef50311",
        "type": "github"
      },
      "original": {
        "owner": "nvim-treesitter",
        "ref": "main",
        "repo": "nvim-treesitter-textobjects",
        "type": "github"
      }
    },
    "root": {
      "inputs": {
        "home-manager": "home-manager",
        "nix-darwin": "nix-darwin",
        "nix-index-database": "nix-index-database",
        "nixos-apple-silicon": "nixos-apple-silicon",
        "nixpkgs": "nixpkgs",
        "nvim-treesitter-main": "nvim-treesitter-main"
      }
    }
  },
  "root": "root",
  "version": 7
}
